
Microsoft Visual Studio Solution File, Format Version 12.00
# Visual Studio 15
Project("{FAE04EC0-301F-11D3-BF4B-00C04F79EFBC}") = "AwsCodeDeployTest", "AwsCodeDeployTest\AwsCodeDeployTest.csproj", "{CFB588FD-EE18-42B7-8EE2-F99E29F1E2A7}"
EndProject
Project("{2150E333-8FDC-42A3-9474-1A3956D46DE8}") = "Solution Items", "Solution Items", "{9C2316BA-EC23-4BB9-87D0-5DDAAE13B1B5}"
	ProjectSection(SolutionItems) = preProject
		appspec.yml = appspec.yml
		cp-scripts\start.sh = cp-scripts\start.sh
		cp-scripts\stop.sh = cp-scripts\stop.sh
		buildspec.yml = buildspec.yml
	EndProjectSection
EndProject
Global
	GlobalSection(SolutionConfigurationPlatforms) = preSolution
		Debug|Any CPU = Debug|Any CPU
		Release|Any CPU = Release|Any CPU
	EndGlobalSection
	GlobalSection(ProjectConfigurationPlatforms) = postSolution
		{CFB588FD-EE18-42B7-8EE2-F99E29F1E2A7}.Debug|Any CPU.ActiveCfg = Debug|Any CPU
		{CFB588FD-EE18-42B7-8EE2-F99E29F1E2A7}.Debug|Any CPU.Build.0 = Debug|Any CPU
		{CFB588FD-EE18-42B7-8EE2-F99E29F1E2A7}.Release|Any CPU.ActiveCfg = Release|Any CPU
		{CFB588FD-EE18-42B7-8EE2-F99E29F1E2A7}.Release|Any CPU.Build.0 = Release|Any CPU
	EndGlobalSection
EndGlobal
